
Microsoft Visual Studio Solution File, Format Version 12.00
# Visual Studio Version 16
VisualStudioVersion = 16.0.31702.278
MinimumVisualStudioVersion = 10.0.40219.1
Project("{FAE04EC0-301F-11D3-BF4B-00C04F79EFBC}") = "If-else", "If-else\If-else.csproj", "{282CF406-1233-4A8F-8F6A-5BC761F1650C}"
EndProject
Global
	GlobalSection(SolutionConfigurationPlatforms) = preSolution
		Debug|Any CPU = Debug|Any CPU
		Release|Any CPU = Release|Any CPU
	EndGlobalSection
	GlobalSection(ProjectConfigurationPlatforms) = postSolution
		{282CF406-1233-4A8F-8F6A-5BC761F1650C}.Debug|Any CPU.ActiveCfg = Debug|Any CPU
		{282CF406-1233-4A8F-8F6A-5BC761F1650C}.Debug|Any CPU.Build.0 = Debug|Any CPU
		{282CF406-1233-4A8F-8F6A-5BC761F1650C}.Release|Any CPU.ActiveCfg = Release|Any CPU
		{282CF406-1233-4A8F-8F6A-5BC761F1650C}.Release|Any CPU.Build.0 = Release|Any CPU
	EndGlobalSection
	GlobalSection(SolutionProperties) = preSolution
		HideSolutionNode = FALSE
	EndGlobalSection
	GlobalSection(ExtensibilityGlobals) = postSolution
		SolutionGuid = {54071D5B-CD49-46BF-A946-FE02A345780B}
	EndGlobalSection
EndGlobal
