
Microsoft Visual Studio Solution File, Format Version 12.00
# Visual Studio Version 16
VisualStudioVersion = 16.0.31702.278
MinimumVisualStudioVersion = 10.0.40219.1
Project("{FAE04EC0-301F-11D3-BF4B-00C04F79EFBC}") = "method_overloading", "method_overloading\method_overloading.csproj", "{BD6AE72B-9221-4980-9681-7F4E9507D074}"
EndProject
Global
	GlobalSection(SolutionConfigurationPlatforms) = preSolution
		Debug|Any CPU = Debug|Any CPU
		Release|Any CPU = Release|Any CPU
	EndGlobalSection
	GlobalSection(ProjectConfigurationPlatforms) = postSolution
		{BD6AE72B-9221-4980-9681-7F4E9507D074}.Debug|Any CPU.ActiveCfg = Debug|Any CPU
		{BD6AE72B-9221-4980-9681-7F4E9507D074}.Debug|Any CPU.Build.0 = Debug|Any CPU
		{BD6AE72B-9221-4980-9681-7F4E9507D074}.Release|Any CPU.ActiveCfg = Release|Any CPU
		{BD6AE72B-9221-4980-9681-7F4E9507D074}.Release|Any CPU.Build.0 = Release|Any CPU
	EndGlobalSection
	GlobalSection(SolutionProperties) = preSolution
		HideSolutionNode = FALSE
	EndGlobalSection
	GlobalSection(ExtensibilityGlobals) = postSolution
		SolutionGuid = {19D10768-E69D-418D-B58E-E59EDCBF5959}
	EndGlobalSection
EndGlobal
