
Microsoft Visual Studio Solution File, Format Version 12.00
# Visual Studio Version 16
VisualStudioVersion = 16.0.31702.278
MinimumVisualStudioVersion = 10.0.40219.1
Project("{FAE04EC0-301F-11D3-BF4B-00C04F79EFBC}") = "Loop_While_Foreach", "Loop_While_Foreach\Loop_While_Foreach.csproj", "{4A8AAA08-D516-4C08-A274-6C5E8D3B6E14}"
EndProject
Global
	GlobalSection(SolutionConfigurationPlatforms) = preSolution
		Debug|Any CPU = Debug|Any CPU
		Release|Any CPU = Release|Any CPU
	EndGlobalSection
	GlobalSection(ProjectConfigurationPlatforms) = postSolution
		{4A8AAA08-D516-4C08-A274-6C5E8D3B6E14}.Debug|Any CPU.ActiveCfg = Debug|Any CPU
		{4A8AAA08-D516-4C08-A274-6C5E8D3B6E14}.Debug|Any CPU.Build.0 = Debug|Any CPU
		{4A8AAA08-D516-4C08-A274-6C5E8D3B6E14}.Release|Any CPU.ActiveCfg = Release|Any CPU
		{4A8AAA08-D516-4C08-A274-6C5E8D3B6E14}.Release|Any CPU.Build.0 = Release|Any CPU
	EndGlobalSection
	GlobalSection(SolutionProperties) = preSolution
		HideSolutionNode = FALSE
	EndGlobalSection
	GlobalSection(ExtensibilityGlobals) = postSolution
		SolutionGuid = {220EE2C7-1FF7-4DFB-9EFE-CE6AA6010CD1}
	EndGlobalSection
EndGlobal
